
Microsoft Visual Studio Solution File, Format Version 12.00
# Visual Studio 14
VisualStudioVersion = 14.0.25420.1
MinimumVisualStudioVersion = 10.0.40219.1
Project("{FAE04EC0-301F-11D3-BF4B-00C04F79EFBC}") = "ProyectoAndalucia", "ProyectoAndalucia\ProyectoAndalucia.csproj", "{9F47AA13-0756-41D7-960F-8C98F9F92E82}"
	ProjectSection(ProjectDependencies) = postProject
		{CFA61816-D0FD-4102-9E0E-010CD8FEE13D} = {CFA61816-D0FD-4102-9E0E-010CD8FEE13D}
	EndProjectSection
EndProject
Project("{FAE04EC0-301F-11D3-BF4B-00C04F79EFBC}") = "DATA", "..\LibreriaAndalucia\DATA\DATA.csproj", "{C608CB0D-D8E0-40A7-A924-FA6FB20BA659}"
EndProject
Project("{FAE04EC0-301F-11D3-BF4B-00C04F79EFBC}") = "INFO", "..\LibreriaAndalucia\INFO\INFO.csproj", "{1B2B3A4E-B3E6-4C90-AFA0-A8DF4877CAD1}"
EndProject
Project("{FAE04EC0-301F-11D3-BF4B-00C04F79EFBC}") = "LOGI", "..\LibreriaAndalucia\LOGI\LOGI.csproj", "{94CAABDE-7FFD-4D64-B9B6-10BB49ECC3BC}"
EndProject
Project("{00D1A9C2-B5F0-4AF3-8072-F6C62B433612}") = "ProyectoCuadresSQL", "Cuadres\ProyectoCuadresSQL.sqlproj", "{FA6E93A5-40F8-41DC-B516-A6F64DDA093D}"
EndProject
Project("{FAE04EC0-301F-11D3-BF4B-00C04F79EFBC}") = "ProyectoAndaluciaSvc", "ProyectoAndaluciaSvc\ProyectoAndaluciaSvc.csproj", "{F8012154-9CFE-46D6-86F7-A2057330956E}"
EndProject
Project("{FAE04EC0-301F-11D3-BF4B-00C04F79EFBC}") = "ProyectoAndaluciaNotificador", "ProyectoAndaluciaNotificador\ProyectoAndaluciaNotificador.csproj", "{CFA61816-D0FD-4102-9E0E-010CD8FEE13D}"
EndProject
Project("{FAE04EC0-301F-11D3-BF4B-00C04F79EFBC}") = "WinSvcAndaluciaCuadre", "WinSvcAndaluciaCuadre\WinSvcAndaluciaCuadre.csproj", "{DA19A44D-6F0E-4796-8B17-4E697C58AA87}"
	ProjectSection(ProjectDependencies) = postProject
		{CFA61816-D0FD-4102-9E0E-010CD8FEE13D} = {CFA61816-D0FD-4102-9E0E-010CD8FEE13D}
		{F8012154-9CFE-46D6-86F7-A2057330956E} = {F8012154-9CFE-46D6-86F7-A2057330956E}
	EndProjectSection
EndProject
Project("{00D1A9C2-B5F0-4AF3-8072-F6C62B433612}") = "NotificadorSQL", "NotificadorSQL\NotificadorSQL.sqlproj", "{2E39553B-A6EE-428B-A84D-87E0B26A1849}"
EndProject
Project("{54435603-DBB4-11D2-8724-00A0C9A8B90C}") = "SetupAndaluciaSvcWin", "SetupAndaluciaSvcWin\SetupAndaluciaSvcWin.vdproj", "{CCAA1A6B-3FD4-4789-91F6-1EE8F1D5165B}"
EndProject
Project("{FAE04EC0-301F-11D3-BF4B-00C04F79EFBC}") = "TestSvcNotificacion", "TestSvcNotificacion\TestSvcNotificacion.csproj", "{E8C6A5FC-E807-4354-84E3-6B372BB50601}"
	ProjectSection(ProjectDependencies) = postProject
		{CFA61816-D0FD-4102-9E0E-010CD8FEE13D} = {CFA61816-D0FD-4102-9E0E-010CD8FEE13D}
	EndProjectSection
EndProject
Global
	GlobalSection(SolutionConfigurationPlatforms) = preSolution
		CD_ROM|Any CPU = CD_ROM|Any CPU
		CD_ROM|x64 = CD_ROM|x64
		Debug|Any CPU = Debug|Any CPU
		Debug|x64 = Debug|x64
		DVD-5|Any CPU = DVD-5|Any CPU
		DVD-5|x64 = DVD-5|x64
		Release|Any CPU = Release|Any CPU
		Release|x64 = Release|x64
		SingleImage|Any CPU = SingleImage|Any CPU
		SingleImage|x64 = SingleImage|x64
	EndGlobalSection
	GlobalSection(ProjectConfigurationPlatforms) = postSolution
		{9F47AA13-0756-41D7-960F-8C98F9F92E82}.CD_ROM|Any CPU.ActiveCfg = Release|Any CPU
		{9F47AA13-0756-41D7-960F-8C98F9F92E82}.CD_ROM|Any CPU.Build.0 = Release|Any CPU
		{9F47AA13-0756-41D7-960F-8C98F9F92E82}.CD_ROM|x64.ActiveCfg = Release|Any CPU
		{9F47AA13-0756-41D7-960F-8C98F9F92E82}.CD_ROM|x64.Build.0 = Release|Any CPU
		{9F47AA13-0756-41D7-960F-8C98F9F92E82}.Debug|Any CPU.ActiveCfg = Debug|Any CPU
		{9F47AA13-0756-41D7-960F-8C98F9F92E82}.Debug|Any CPU.Build.0 = Debug|Any CPU
		{9F47AA13-0756-41D7-960F-8C98F9F92E82}.Debug|x64.ActiveCfg = Debug|Any CPU
		{9F47AA13-0756-41D7-960F-8C98F9F92E82}.Debug|x64.Build.0 = Debug|Any CPU
		{9F47AA13-0756-41D7-960F-8C98F9F92E82}.DVD-5|Any CPU.ActiveCfg = Debug|Any CPU
		{9F47AA13-0756-41D7-960F-8C98F9F92E82}.DVD-5|Any CPU.Build.0 = Debug|Any CPU
		{9F47AA13-0756-41D7-960F-8C98F9F92E82}.DVD-5|x64.ActiveCfg = Debug|Any CPU
		{9F47AA13-0756-41D7-960F-8C98F9F92E82}.DVD-5|x64.Build.0 = Debug|Any CPU
		{9F47AA13-0756-41D7-960F-8C98F9F92E82}.Release|Any CPU.ActiveCfg = Release|Any CPU
		{9F47AA13-0756-41D7-960F-8C98F9F92E82}.Release|Any CPU.Build.0 = Release|Any CPU
		{9F47AA13-0756-41D7-960F-8C98F9F92E82}.Release|x64.ActiveCfg = Release|Any CPU
		{9F47AA13-0756-41D7-960F-8C98F9F92E82}.Release|x64.Build.0 = Release|Any CPU
		{9F47AA13-0756-41D7-960F-8C98F9F92E82}.SingleImage|Any CPU.ActiveCfg = Release|Any CPU
		{9F47AA13-0756-41D7-960F-8C98F9F92E82}.SingleImage|Any CPU.Build.0 = Release|Any CPU
		{9F47AA13-0756-41D7-960F-8C98F9F92E82}.SingleImage|x64.ActiveCfg = Release|Any CPU
		{9F47AA13-0756-41D7-960F-8C98F9F92E82}.SingleImage|x64.Build.0 = Release|Any CPU
		{C608CB0D-D8E0-40A7-A924-FA6FB20BA659}.CD_ROM|Any CPU.ActiveCfg = Release|Any CPU
		{C608CB0D-D8E0-40A7-A924-FA6FB20BA659}.CD_ROM|Any CPU.Build.0 = Release|Any CPU
		{C608CB0D-D8E0-40A7-A924-FA6FB20BA659}.CD_ROM|x64.ActiveCfg = Release|Any CPU
		{C608CB0D-D8E0-40A7-A924-FA6FB20BA659}.CD_ROM|x64.Build.0 = Release|Any CPU
		{C608CB0D-D8E0-40A7-A924-FA6FB20BA659}.Debug|Any CPU.ActiveCfg = Debug|Any CPU
		{C608CB0D-D8E0-40A7-A924-FA6FB20BA659}.Debug|Any CPU.Build.0 = Debug|Any CPU
		{C608CB0D-D8E0-40A7-A924-FA6FB20BA659}.Debug|x64.ActiveCfg = Debug|Any CPU
		{C608CB0D-D8E0-40A7-A924-FA6FB20BA659}.Debug|x64.Build.0 = Debug|Any CPU
		{C608CB0D-D8E0-40A7-A924-FA6FB20BA659}.DVD-5|Any CPU.ActiveCfg = Debug|Any CPU
		{C608CB0D-D8E0-40A7-A924-FA6FB20BA659}.DVD-5|Any CPU.Build.0 = Debug|Any CPU
		{C608CB0D-D8E0-40A7-A924-FA6FB20BA659}.DVD-5|x64.ActiveCfg = Debug|Any CPU
		{C608CB0D-D8E0-40A7-A924-FA6FB20BA659}.DVD-5|x64.Build.0 = Debug|Any CPU
		{C608CB0D-D8E0-40A7-A924-FA6FB20BA659}.Release|Any CPU.ActiveCfg = Release|Any CPU
		{C608CB0D-D8E0-40A7-A924-FA6FB20BA659}.Release|Any CPU.Build.0 = Release|Any CPU
		{C608CB0D-D8E0-40A7-A924-FA6FB20BA659}.Release|x64.ActiveCfg = Release|Any CPU
		{C608CB0D-D8E0-40A7-A924-FA6FB20BA659}.Release|x64.Build.0 = Release|Any CPU
		{C608CB0D-D8E0-40A7-A924-FA6FB20BA659}.SingleImage|Any CPU.ActiveCfg = Release|Any CPU
		{C608CB0D-D8E0-40A7-A924-FA6FB20BA659}.SingleImage|Any CPU.Build.0 = Release|Any CPU
		{C608CB0D-D8E0-40A7-A924-FA6FB20BA659}.SingleImage|x64.ActiveCfg = Release|Any CPU
		{C608CB0D-D8E0-40A7-A924-FA6FB20BA659}.SingleImage|x64.Build.0 = Release|Any CPU
		{1B2B3A4E-B3E6-4C90-AFA0-A8DF4877CAD1}.CD_ROM|Any CPU.ActiveCfg = Release|Any CPU
		{1B2B3A4E-B3E6-4C90-AFA0-A8DF4877CAD1}.CD_ROM|Any CPU.Build.0 = Release|Any CPU
		{1B2B3A4E-B3E6-4C90-AFA0-A8DF4877CAD1}.CD_ROM|x64.ActiveCfg = Release|Any CPU
		{1B2B3A4E-B3E6-4C90-AFA0-A8DF4877CAD1}.CD_ROM|x64.Build.0 = Release|Any CPU
		{1B2B3A4E-B3E6-4C90-AFA0-A8DF4877CAD1}.Debug|Any CPU.ActiveCfg = Debug|Any CPU
		{1B2B3A4E-B3E6-4C90-AFA0-A8DF4877CAD1}.Debug|Any CPU.Build.0 = Debug|Any CPU
		{1B2B3A4E-B3E6-4C90-AFA0-A8DF4877CAD1}.Debug|x64.ActiveCfg = Debug|Any CPU
		{1B2B3A4E-B3E6-4C90-AFA0-A8DF4877CAD1}.Debug|x64.Build.0 = Debug|Any CPU
		{1B2B3A4E-B3E6-4C90-AFA0-A8DF4877CAD1}.DVD-5|Any CPU.ActiveCfg = Debug|Any CPU
		{1B2B3A4E-B3E6-4C90-AFA0-A8DF4877CAD1}.DVD-5|Any CPU.Build.0 = Debug|Any CPU
		{1B2B3A4E-B3E6-4C90-AFA0-A8DF4877CAD1}.DVD-5|x64.ActiveCfg = Debug|Any CPU
		{1B2B3A4E-B3E6-4C90-AFA0-A8DF4877CAD1}.DVD-5|x64.Build.0 = Debug|Any CPU
		{1B2B3A4E-B3E6-4C90-AFA0-A8DF4877CAD1}.Release|Any CPU.ActiveCfg = Release|Any CPU
		{1B2B3A4E-B3E6-4C90-AFA0-A8DF4877CAD1}.Release|Any CPU.Build.0 = Release|Any CPU
		{1B2B3A4E-B3E6-4C90-AFA0-A8DF4877CAD1}.Release|x64.ActiveCfg = Release|Any CPU
		{1B2B3A4E-B3E6-4C90-AFA0-A8DF4877CAD1}.Release|x64.Build.0 = Release|Any CPU
		{1B2B3A4E-B3E6-4C90-AFA0-A8DF4877CAD1}.SingleImage|Any CPU.ActiveCfg = Release|Any CPU
		{1B2B3A4E-B3E6-4C90-AFA0-A8DF4877CAD1}.SingleImage|Any CPU.Build.0 = Release|Any CPU
		{1B2B3A4E-B3E6-4C90-AFA0-A8DF4877CAD1}.SingleImage|x64.ActiveCfg = Release|Any CPU
		{1B2B3A4E-B3E6-4C90-AFA0-A8DF4877CAD1}.SingleImage|x64.Build.0 = Release|Any CPU
		{94CAABDE-7FFD-4D64-B9B6-10BB49ECC3BC}.CD_ROM|Any CPU.ActiveCfg = Release|Any CPU
		{94CAABDE-7FFD-4D64-B9B6-10BB49ECC3BC}.CD_ROM|Any CPU.Build.0 = Release|Any CPU
		{94CAABDE-7FFD-4D64-B9B6-10BB49ECC3BC}.CD_ROM|x64.ActiveCfg = Release|Any CPU
		{94CAABDE-7FFD-4D64-B9B6-10BB49ECC3BC}.CD_ROM|x64.Build.0 = Release|Any CPU
		{94CAABDE-7FFD-4D64-B9B6-10BB49ECC3BC}.Debug|Any CPU.ActiveCfg = Debug|Any CPU
		{94CAABDE-7FFD-4D64-B9B6-10BB49ECC3BC}.Debug|Any CPU.Build.0 = Debug|Any CPU
		{94CAABDE-7FFD-4D64-B9B6-10BB49ECC3BC}.Debug|x64.ActiveCfg = Debug|Any CPU
		{94CAABDE-7FFD-4D64-B9B6-10BB49ECC3BC}.Debug|x64.Build.0 = Debug|Any CPU
		{94CAABDE-7FFD-4D64-B9B6-10BB49ECC3BC}.DVD-5|Any CPU.ActiveCfg = Debug|Any CPU
		{94CAABDE-7FFD-4D64-B9B6-10BB49ECC3BC}.DVD-5|Any CPU.Build.0 = Debug|Any CPU
		{94CAABDE-7FFD-4D64-B9B6-10BB49ECC3BC}.DVD-5|x64.ActiveCfg = Debug|Any CPU
		{94CAABDE-7FFD-4D64-B9B6-10BB49ECC3BC}.DVD-5|x64.Build.0 = Debug|Any CPU
		{94CAABDE-7FFD-4D64-B9B6-10BB49ECC3BC}.Release|Any CPU.ActiveCfg = Release|Any CPU
		{94CAABDE-7FFD-4D64-B9B6-10BB49ECC3BC}.Release|Any CPU.Build.0 = Release|Any CPU
		{94CAABDE-7FFD-4D64-B9B6-10BB49ECC3BC}.Release|x64.ActiveCfg = Release|Any CPU
		{94CAABDE-7FFD-4D64-B9B6-10BB49ECC3BC}.Release|x64.Build.0 = Release|Any CPU
		{94CAABDE-7FFD-4D64-B9B6-10BB49ECC3BC}.SingleImage|Any CPU.ActiveCfg = Release|Any CPU
		{94CAABDE-7FFD-4D64-B9B6-10BB49ECC3BC}.SingleImage|Any CPU.Build.0 = Release|Any CPU
		{94CAABDE-7FFD-4D64-B9B6-10BB49ECC3BC}.SingleImage|x64.ActiveCfg = Release|Any CPU
		{94CAABDE-7FFD-4D64-B9B6-10BB49ECC3BC}.SingleImage|x64.Build.0 = Release|Any CPU
		{FA6E93A5-40F8-41DC-B516-A6F64DDA093D}.CD_ROM|Any CPU.ActiveCfg = Release|Any CPU
		{FA6E93A5-40F8-41DC-B516-A6F64DDA093D}.CD_ROM|Any CPU.Build.0 = Release|Any CPU
		{FA6E93A5-40F8-41DC-B516-A6F64DDA093D}.CD_ROM|Any CPU.Deploy.0 = Release|Any CPU
		{FA6E93A5-40F8-41DC-B516-A6F64DDA093D}.CD_ROM|x64.ActiveCfg = Release|Any CPU
		{FA6E93A5-40F8-41DC-B516-A6F64DDA093D}.CD_ROM|x64.Build.0 = Release|Any CPU
		{FA6E93A5-40F8-41DC-B516-A6F64DDA093D}.CD_ROM|x64.Deploy.0 = Release|Any CPU
		{FA6E93A5-40F8-41DC-B516-A6F64DDA093D}.Debug|Any CPU.ActiveCfg = Debug|Any CPU
		{FA6E93A5-40F8-41DC-B516-A6F64DDA093D}.Debug|Any CPU.Build.0 = Debug|Any CPU
		{FA6E93A5-40F8-41DC-B516-A6F64DDA093D}.Debug|Any CPU.Deploy.0 = Debug|Any CPU
		{FA6E93A5-40F8-41DC-B516-A6F64DDA093D}.Debug|x64.ActiveCfg = Debug|Any CPU
		{FA6E93A5-40F8-41DC-B516-A6F64DDA093D}.Debug|x64.Build.0 = Debug|Any CPU
		{FA6E93A5-40F8-41DC-B516-A6F64DDA093D}.Debug|x64.Deploy.0 = Debug|Any CPU
		{FA6E93A5-40F8-41DC-B516-A6F64DDA093D}.DVD-5|Any CPU.ActiveCfg = Debug|Any CPU
		{FA6E93A5-40F8-41DC-B516-A6F64DDA093D}.DVD-5|Any CPU.Build.0 = Debug|Any CPU
		{FA6E93A5-40F8-41DC-B516-A6F64DDA093D}.DVD-5|Any CPU.Deploy.0 = Debug|Any CPU
		{FA6E93A5-40F8-41DC-B516-A6F64DDA093D}.DVD-5|x64.ActiveCfg = Debug|Any CPU
		{FA6E93A5-40F8-41DC-B516-A6F64DDA093D}.DVD-5|x64.Build.0 = Debug|Any CPU
		{FA6E93A5-40F8-41DC-B516-A6F64DDA093D}.DVD-5|x64.Deploy.0 = Debug|Any CPU
		{FA6E93A5-40F8-41DC-B516-A6F64DDA093D}.Release|Any CPU.ActiveCfg = Release|Any CPU
		{FA6E93A5-40F8-41DC-B516-A6F64DDA093D}.Release|Any CPU.Build.0 = Release|Any CPU
		{FA6E93A5-40F8-41DC-B516-A6F64DDA093D}.Release|Any CPU.Deploy.0 = Release|Any CPU
		{FA6E93A5-40F8-41DC-B516-A6F64DDA093D}.Release|x64.ActiveCfg = Release|Any CPU
		{FA6E93A5-40F8-41DC-B516-A6F64DDA093D}.Release|x64.Build.0 = Release|Any CPU
		{FA6E93A5-40F8-41DC-B516-A6F64DDA093D}.Release|x64.Deploy.0 = Release|Any CPU
		{FA6E93A5-40F8-41DC-B516-A6F64DDA093D}.SingleImage|Any CPU.ActiveCfg = Release|Any CPU
		{FA6E93A5-40F8-41DC-B516-A6F64DDA093D}.SingleImage|Any CPU.Build.0 = Release|Any CPU
		{FA6E93A5-40F8-41DC-B516-A6F64DDA093D}.SingleImage|Any CPU.Deploy.0 = Release|Any CPU
		{FA6E93A5-40F8-41DC-B516-A6F64DDA093D}.SingleImage|x64.ActiveCfg = Release|Any CPU
		{FA6E93A5-40F8-41DC-B516-A6F64DDA093D}.SingleImage|x64.Build.0 = Release|Any CPU
		{FA6E93A5-40F8-41DC-B516-A6F64DDA093D}.SingleImage|x64.Deploy.0 = Release|Any CPU
		{F8012154-9CFE-46D6-86F7-A2057330956E}.CD_ROM|Any CPU.ActiveCfg = Release|Any CPU
		{F8012154-9CFE-46D6-86F7-A2057330956E}.CD_ROM|Any CPU.Build.0 = Release|Any CPU
		{F8012154-9CFE-46D6-86F7-A2057330956E}.CD_ROM|x64.ActiveCfg = Release|Any CPU
		{F8012154-9CFE-46D6-86F7-A2057330956E}.CD_ROM|x64.Build.0 = Release|Any CPU
		{F8012154-9CFE-46D6-86F7-A2057330956E}.Debug|Any CPU.ActiveCfg = Debug|Any CPU
		{F8012154-9CFE-46D6-86F7-A2057330956E}.Debug|Any CPU.Build.0 = Debug|Any CPU
		{F8012154-9CFE-46D6-86F7-A2057330956E}.Debug|x64.ActiveCfg = Debug|Any CPU
		{F8012154-9CFE-46D6-86F7-A2057330956E}.Debug|x64.Build.0 = Debug|Any CPU
		{F8012154-9CFE-46D6-86F7-A2057330956E}.DVD-5|Any CPU.ActiveCfg = Debug|Any CPU
		{F8012154-9CFE-46D6-86F7-A2057330956E}.DVD-5|Any CPU.Build.0 = Debug|Any CPU
		{F8012154-9CFE-46D6-86F7-A2057330956E}.DVD-5|x64.ActiveCfg = Debug|Any CPU
		{F8012154-9CFE-46D6-86F7-A2057330956E}.DVD-5|x64.Build.0 = Debug|Any CPU
		{F8012154-9CFE-46D6-86F7-A2057330956E}.Release|Any CPU.ActiveCfg = Release|Any CPU
		{F8012154-9CFE-46D6-86F7-A2057330956E}.Release|Any CPU.Build.0 = Release|Any CPU
		{F8012154-9CFE-46D6-86F7-A2057330956E}.Release|x64.ActiveCfg = Release|Any CPU
		{F8012154-9CFE-46D6-86F7-A2057330956E}.Release|x64.Build.0 = Release|Any CPU
		{F8012154-9CFE-46D6-86F7-A2057330956E}.SingleImage|Any CPU.ActiveCfg = Release|Any CPU
		{F8012154-9CFE-46D6-86F7-A2057330956E}.SingleImage|Any CPU.Build.0 = Release|Any CPU
		{F8012154-9CFE-46D6-86F7-A2057330956E}.SingleImage|x64.ActiveCfg = Release|Any CPU
		{F8012154-9CFE-46D6-86F7-A2057330956E}.SingleImage|x64.Build.0 = Release|Any CPU
		{CFA61816-D0FD-4102-9E0E-010CD8FEE13D}.CD_ROM|Any CPU.ActiveCfg = Release|Any CPU
		{CFA61816-D0FD-4102-9E0E-010CD8FEE13D}.CD_ROM|Any CPU.Build.0 = Release|Any CPU
		{CFA61816-D0FD-4102-9E0E-010CD8FEE13D}.CD_ROM|x64.ActiveCfg = Release|x64
		{CFA61816-D0FD-4102-9E0E-010CD8FEE13D}.CD_ROM|x64.Build.0 = Release|x64
		{CFA61816-D0FD-4102-9E0E-010CD8FEE13D}.Debug|Any CPU.ActiveCfg = Debug|Any CPU
		{CFA61816-D0FD-4102-9E0E-010CD8FEE13D}.Debug|Any CPU.Build.0 = Debug|Any CPU
		{CFA61816-D0FD-4102-9E0E-010CD8FEE13D}.Debug|x64.ActiveCfg = Debug|x64
		{CFA61816-D0FD-4102-9E0E-010CD8FEE13D}.Debug|x64.Build.0 = Debug|x64
		{CFA61816-D0FD-4102-9E0E-010CD8FEE13D}.DVD-5|Any CPU.ActiveCfg = Debug|Any CPU
		{CFA61816-D0FD-4102-9E0E-010CD8FEE13D}.DVD-5|Any CPU.Build.0 = Debug|Any CPU
		{CFA61816-D0FD-4102-9E0E-010CD8FEE13D}.DVD-5|x64.ActiveCfg = Debug|x64
		{CFA61816-D0FD-4102-9E0E-010CD8FEE13D}.DVD-5|x64.Build.0 = Debug|x64
		{CFA61816-D0FD-4102-9E0E-010CD8FEE13D}.Release|Any CPU.ActiveCfg = Release|Any CPU
		{CFA61816-D0FD-4102-9E0E-010CD8FEE13D}.Release|Any CPU.Build.0 = Release|Any CPU
		{CFA61816-D0FD-4102-9E0E-010CD8FEE13D}.Release|x64.ActiveCfg = Release|x64
		{CFA61816-D0FD-4102-9E0E-010CD8FEE13D}.Release|x64.Build.0 = Release|x64
		{CFA61816-D0FD-4102-9E0E-010CD8FEE13D}.SingleImage|Any CPU.ActiveCfg = Release|Any CPU
		{CFA61816-D0FD-4102-9E0E-010CD8FEE13D}.SingleImage|Any CPU.Build.0 = Release|Any CPU
		{CFA61816-D0FD-4102-9E0E-010CD8FEE13D}.SingleImage|x64.ActiveCfg = Release|x64
		{CFA61816-D0FD-4102-9E0E-010CD8FEE13D}.SingleImage|x64.Build.0 = Release|x64
		{DA19A44D-6F0E-4796-8B17-4E697C58AA87}.CD_ROM|Any CPU.ActiveCfg = Release|Any CPU
		{DA19A44D-6F0E-4796-8B17-4E697C58AA87}.CD_ROM|Any CPU.Build.0 = Release|Any CPU
		{DA19A44D-6F0E-4796-8B17-4E697C58AA87}.CD_ROM|x64.ActiveCfg = Release|Any CPU
		{DA19A44D-6F0E-4796-8B17-4E697C58AA87}.CD_ROM|x64.Build.0 = Release|Any CPU
		{DA19A44D-6F0E-4796-8B17-4E697C58AA87}.Debug|Any CPU.ActiveCfg = Debug|Any CPU
		{DA19A44D-6F0E-4796-8B17-4E697C58AA87}.Debug|Any CPU.Build.0 = Debug|Any CPU
		{DA19A44D-6F0E-4796-8B17-4E697C58AA87}.Debug|x64.ActiveCfg = Debug|Any CPU
		{DA19A44D-6F0E-4796-8B17-4E697C58AA87}.Debug|x64.Build.0 = Debug|Any CPU
		{DA19A44D-6F0E-4796-8B17-4E697C58AA87}.DVD-5|Any CPU.ActiveCfg = Debug|Any CPU
		{DA19A44D-6F0E-4796-8B17-4E697C58AA87}.DVD-5|Any CPU.Build.0 = Debug|Any CPU
		{DA19A44D-6F0E-4796-8B17-4E697C58AA87}.DVD-5|x64.ActiveCfg = Debug|Any CPU
		{DA19A44D-6F0E-4796-8B17-4E697C58AA87}.DVD-5|x64.Build.0 = Debug|Any CPU
		{DA19A44D-6F0E-4796-8B17-4E697C58AA87}.Release|Any CPU.ActiveCfg = Release|Any CPU
		{DA19A44D-6F0E-4796-8B17-4E697C58AA87}.Release|Any CPU.Build.0 = Release|Any CPU
		{DA19A44D-6F0E-4796-8B17-4E697C58AA87}.Release|x64.ActiveCfg = Release|Any CPU
		{DA19A44D-6F0E-4796-8B17-4E697C58AA87}.Release|x64.Build.0 = Release|Any CPU
		{DA19A44D-6F0E-4796-8B17-4E697C58AA87}.SingleImage|Any CPU.ActiveCfg = Release|Any CPU
		{DA19A44D-6F0E-4796-8B17-4E697C58AA87}.SingleImage|Any CPU.Build.0 = Release|Any CPU
		{DA19A44D-6F0E-4796-8B17-4E697C58AA87}.SingleImage|x64.ActiveCfg = Release|Any CPU
		{DA19A44D-6F0E-4796-8B17-4E697C58AA87}.SingleImage|x64.Build.0 = Release|Any CPU
		{2E39553B-A6EE-428B-A84D-87E0B26A1849}.CD_ROM|Any CPU.ActiveCfg = Debug|Any CPU
		{2E39553B-A6EE-428B-A84D-87E0B26A1849}.CD_ROM|Any CPU.Build.0 = Debug|Any CPU
		{2E39553B-A6EE-428B-A84D-87E0B26A1849}.CD_ROM|Any CPU.Deploy.0 = Debug|Any CPU
		{2E39553B-A6EE-428B-A84D-87E0B26A1849}.CD_ROM|x64.ActiveCfg = Debug|Any CPU
		{2E39553B-A6EE-428B-A84D-87E0B26A1849}.CD_ROM|x64.Build.0 = Debug|Any CPU
		{2E39553B-A6EE-428B-A84D-87E0B26A1849}.CD_ROM|x64.Deploy.0 = Debug|Any CPU
		{2E39553B-A6EE-428B-A84D-87E0B26A1849}.Debug|Any CPU.ActiveCfg = Debug|Any CPU
		{2E39553B-A6EE-428B-A84D-87E0B26A1849}.Debug|Any CPU.Build.0 = Debug|Any CPU
		{2E39553B-A6EE-428B-A84D-87E0B26A1849}.Debug|Any CPU.Deploy.0 = Debug|Any CPU
		{2E39553B-A6EE-428B-A84D-87E0B26A1849}.Debug|x64.ActiveCfg = Debug|Any CPU
		{2E39553B-A6EE-428B-A84D-87E0B26A1849}.Debug|x64.Build.0 = Debug|Any CPU
		{2E39553B-A6EE-428B-A84D-87E0B26A1849}.Debug|x64.Deploy.0 = Debug|Any CPU
		{2E39553B-A6EE-428B-A84D-87E0B26A1849}.DVD-5|Any CPU.ActiveCfg = Debug|Any CPU
		{2E39553B-A6EE-428B-A84D-87E0B26A1849}.DVD-5|Any CPU.Build.0 = Debug|Any CPU
		{2E39553B-A6EE-428B-A84D-87E0B26A1849}.DVD-5|Any CPU.Deploy.0 = Debug|Any CPU
		{2E39553B-A6EE-428B-A84D-87E0B26A1849}.DVD-5|x64.ActiveCfg = Debug|Any CPU
		{2E39553B-A6EE-428B-A84D-87E0B26A1849}.DVD-5|x64.Build.0 = Debug|Any CPU
		{2E39553B-A6EE-428B-A84D-87E0B26A1849}.DVD-5|x64.Deploy.0 = Debug|Any CPU
		{2E39553B-A6EE-428B-A84D-87E0B26A1849}.Release|Any CPU.ActiveCfg = Release|Any CPU
		{2E39553B-A6EE-428B-A84D-87E0B26A1849}.Release|Any CPU.Build.0 = Release|Any CPU
		{2E39553B-A6EE-428B-A84D-87E0B26A1849}.Release|Any CPU.Deploy.0 = Release|Any CPU
		{2E39553B-A6EE-428B-A84D-87E0B26A1849}.Release|x64.ActiveCfg = Release|Any CPU
		{2E39553B-A6EE-428B-A84D-87E0B26A1849}.Release|x64.Build.0 = Release|Any CPU
		{2E39553B-A6EE-428B-A84D-87E0B26A1849}.Release|x64.Deploy.0 = Release|Any CPU
		{2E39553B-A6EE-428B-A84D-87E0B26A1849}.SingleImage|Any CPU.ActiveCfg = Debug|Any CPU
		{2E39553B-A6EE-428B-A84D-87E0B26A1849}.SingleImage|Any CPU.Build.0 = Debug|Any CPU
		{2E39553B-A6EE-428B-A84D-87E0B26A1849}.SingleImage|Any CPU.Deploy.0 = Debug|Any CPU
		{2E39553B-A6EE-428B-A84D-87E0B26A1849}.SingleImage|x64.ActiveCfg = Debug|Any CPU
		{2E39553B-A6EE-428B-A84D-87E0B26A1849}.SingleImage|x64.Build.0 = Debug|Any CPU
		{2E39553B-A6EE-428B-A84D-87E0B26A1849}.SingleImage|x64.Deploy.0 = Debug|Any CPU
		{CCAA1A6B-3FD4-4789-91F6-1EE8F1D5165B}.CD_ROM|Any CPU.ActiveCfg = Release
		{CCAA1A6B-3FD4-4789-91F6-1EE8F1D5165B}.CD_ROM|x64.ActiveCfg = Release
		{CCAA1A6B-3FD4-4789-91F6-1EE8F1D5165B}.Debug|Any CPU.ActiveCfg = Debug
		{CCAA1A6B-3FD4-4789-91F6-1EE8F1D5165B}.Debug|x64.ActiveCfg = Debug
		{CCAA1A6B-3FD4-4789-91F6-1EE8F1D5165B}.DVD-5|Any CPU.ActiveCfg = Debug
		{CCAA1A6B-3FD4-4789-91F6-1EE8F1D5165B}.DVD-5|x64.ActiveCfg = Debug
		{CCAA1A6B-3FD4-4789-91F6-1EE8F1D5165B}.Release|Any CPU.ActiveCfg = Release
		{CCAA1A6B-3FD4-4789-91F6-1EE8F1D5165B}.Release|x64.ActiveCfg = Release
		{CCAA1A6B-3FD4-4789-91F6-1EE8F1D5165B}.SingleImage|Any CPU.ActiveCfg = Release
		{CCAA1A6B-3FD4-4789-91F6-1EE8F1D5165B}.SingleImage|x64.ActiveCfg = Release
		{E8C6A5FC-E807-4354-84E3-6B372BB50601}.CD_ROM|Any CPU.ActiveCfg = Release|Any CPU
		{E8C6A5FC-E807-4354-84E3-6B372BB50601}.CD_ROM|Any CPU.Build.0 = Release|Any CPU
		{E8C6A5FC-E807-4354-84E3-6B372BB50601}.CD_ROM|x64.ActiveCfg = Release|Any CPU
		{E8C6A5FC-E807-4354-84E3-6B372BB50601}.CD_ROM|x64.Build.0 = Release|Any CPU
		{E8C6A5FC-E807-4354-84E3-6B372BB50601}.Debug|Any CPU.ActiveCfg = Debug|Any CPU
		{E8C6A5FC-E807-4354-84E3-6B372BB50601}.Debug|Any CPU.Build.0 = Debug|Any CPU
		{E8C6A5FC-E807-4354-84E3-6B372BB50601}.Debug|x64.ActiveCfg = Debug|Any CPU
		{E8C6A5FC-E807-4354-84E3-6B372BB50601}.Debug|x64.Build.0 = Debug|Any CPU
		{E8C6A5FC-E807-4354-84E3-6B372BB50601}.DVD-5|Any CPU.ActiveCfg = Debug|Any CPU
		{E8C6A5FC-E807-4354-84E3-6B372BB50601}.DVD-5|Any CPU.Build.0 = Debug|Any CPU
		{E8C6A5FC-E807-4354-84E3-6B372BB50601}.DVD-5|x64.ActiveCfg = Debug|Any CPU
		{E8C6A5FC-E807-4354-84E3-6B372BB50601}.DVD-5|x64.Build.0 = Debug|Any CPU
		{E8C6A5FC-E807-4354-84E3-6B372BB50601}.Release|Any CPU.ActiveCfg = Release|Any CPU
		{E8C6A5FC-E807-4354-84E3-6B372BB50601}.Release|Any CPU.Build.0 = Release|Any CPU
		{E8C6A5FC-E807-4354-84E3-6B372BB50601}.Release|x64.ActiveCfg = Release|Any CPU
		{E8C6A5FC-E807-4354-84E3-6B372BB50601}.Release|x64.Build.0 = Release|Any CPU
		{E8C6A5FC-E807-4354-84E3-6B372BB50601}.SingleImage|Any CPU.ActiveCfg = Release|Any CPU
		{E8C6A5FC-E807-4354-84E3-6B372BB50601}.SingleImage|Any CPU.Build.0 = Release|Any CPU
		{E8C6A5FC-E807-4354-84E3-6B372BB50601}.SingleImage|x64.ActiveCfg = Release|Any CPU
		{E8C6A5FC-E807-4354-84E3-6B372BB50601}.SingleImage|x64.Build.0 = Release|Any CPU
	EndGlobalSection
	GlobalSection(SolutionProperties) = preSolution
		HideSolutionNode = FALSE
	EndGlobalSection
	GlobalSection(ExtensibilityGlobals) = postSolution
		SolutionGuid = {24AFC4E6-373E-4631-B6EA-8D148997DE19}
	EndGlobalSection
EndGlobal
